
Microsoft Visual Studio Solution File, Format Version 12.00
# Visual Studio Version 16
VisualStudioVersion = 16.0.31424.327
MinimumVisualStudioVersion = 10.0.40219.1
Project("{FAE04EC0-301F-11D3-BF4B-00C04F79EFBC}") = "PasswordGenerator", "PasswordGenerator\PasswordGenerator.csproj", "{5959D596-A55F-4370-B3DC-C70CA4D1A79F}"
EndProject
Global
	GlobalSection(SolutionConfigurationPlatforms) = preSolution
		Debug|Any CPU = Debug|Any CPU
		Release|Any CPU = Release|Any CPU
	EndGlobalSection
	GlobalSection(ProjectConfigurationPlatforms) = postSolution
		{5959D596-A55F-4370-B3DC-C70CA4D1A79F}.Debug|Any CPU.ActiveCfg = Debug|Any CPU
		{5959D596-A55F-4370-B3DC-C70CA4D1A79F}.Debug|Any CPU.Build.0 = Debug|Any CPU
		{5959D596-A55F-4370-B3DC-C70CA4D1A79F}.Release|Any CPU.ActiveCfg = Release|Any CPU
		{5959D596-A55F-4370-B3DC-C70CA4D1A79F}.Release|Any CPU.Build.0 = Release|Any CPU
	EndGlobalSection
	GlobalSection(SolutionProperties) = preSolution
		HideSolutionNode = FALSE
	EndGlobalSection
	GlobalSection(ExtensibilityGlobals) = postSolution
		SolutionGuid = {F1FFAEFD-1836-4ACB-9D70-DC724EB331CB}
	EndGlobalSection
EndGlobal
